
Microsoft Visual Studio Solution File, Format Version 12.00
# Visual Studio Version 17
VisualStudioVersion = 17.0.32112.339
MinimumVisualStudioVersion = 10.0.40219.1
Project("{FAE04EC0-301F-11D3-BF4B-00C04F79EFBC}") = "Kinectinho", "Kinectinho\Kinectinho.csproj", "{EDE9799F-4477-4376-BAA7-479F5E353625}"
EndProject
Global
	GlobalSection(SolutionConfigurationPlatforms) = preSolution
		Debug|Any CPU = Debug|Any CPU
		Release|Any CPU = Release|Any CPU
	EndGlobalSection
	GlobalSection(ProjectConfigurationPlatforms) = postSolution
		{EDE9799F-4477-4376-BAA7-479F5E353625}.Debug|Any CPU.ActiveCfg = Debug|Any CPU
		{EDE9799F-4477-4376-BAA7-479F5E353625}.Debug|Any CPU.Build.0 = Debug|Any CPU
		{EDE9799F-4477-4376-BAA7-479F5E353625}.Release|Any CPU.ActiveCfg = Release|Any CPU
		{EDE9799F-4477-4376-BAA7-479F5E353625}.Release|Any CPU.Build.0 = Release|Any CPU
	EndGlobalSection
	GlobalSection(SolutionProperties) = preSolution
		HideSolutionNode = FALSE
	EndGlobalSection
	GlobalSection(ExtensibilityGlobals) = postSolution
		SolutionGuid = {C4A55566-7338-4D84-B0A9-F9122C5D79B8}
	EndGlobalSection
EndGlobal
